
Microsoft Visual Studio Solution File, Format Version 12.00
# Visual Studio Version 17
VisualStudioVersion = 17.9.34607.119
MinimumVisualStudioVersion = 10.0.40219.1
Project("{FAE04EC0-301F-11D3-BF4B-00C04F79EFBC}") = "DockerCourseFrontend", "DockerCourseFrontend\DockerCourseFrontend.csproj", "{F7115E60-A3B6-422F-8D52-E53DFF03A8D5}"
EndProject
Project("{FAE04EC0-301F-11D3-BF4B-00C04F79EFBC}") = "DockerCourseApi", "DockerCourseApi\DockerCourseApi.csproj", "{B5E02EAF-8848-4999-9051-D2F411227A49}"
EndProject
Global
	GlobalSection(SolutionConfigurationPlatforms) = preSolution
		Debug|Any CPU = Debug|Any CPU
		Release|Any CPU = Release|Any CPU
	EndGlobalSection
	GlobalSection(ProjectConfigurationPlatforms) = postSolution
		{F7115E60-A3B6-422F-8D52-E53DFF03A8D5}.Debug|Any CPU.ActiveCfg = Debug|Any CPU
		{F7115E60-A3B6-422F-8D52-E53DFF03A8D5}.Debug|Any CPU.Build.0 = Debug|Any CPU
		{F7115E60-A3B6-422F-8D52-E53DFF03A8D5}.Release|Any CPU.ActiveCfg = Release|Any CPU
		{F7115E60-A3B6-422F-8D52-E53DFF03A8D5}.Release|Any CPU.Build.0 = Release|Any CPU
		{B5E02EAF-8848-4999-9051-D2F411227A49}.Debug|Any CPU.ActiveCfg = Debug|Any CPU
		{B5E02EAF-8848-4999-9051-D2F411227A49}.Debug|Any CPU.Build.0 = Debug|Any CPU
		{B5E02EAF-8848-4999-9051-D2F411227A49}.Release|Any CPU.ActiveCfg = Release|Any CPU
		{B5E02EAF-8848-4999-9051-D2F411227A49}.Release|Any CPU.Build.0 = Release|Any CPU
	EndGlobalSection
	GlobalSection(SolutionProperties) = preSolution
		HideSolutionNode = FALSE
	EndGlobalSection
	GlobalSection(ExtensibilityGlobals) = postSolution
		SolutionGuid = {FF3851F5-799F-4AEA-AD96-E58AE3F4AEF7}
	EndGlobalSection
EndGlobal
